
Microsoft Visual Studio Solution File, Format Version 12.00
# Visual Studio Version 16
VisualStudioVersion = 16.0.30002.166
MinimumVisualStudioVersion = 10.0.40219.1
Project("{FAE04EC0-301F-11D3-BF4B-00C04F79EFBC}") = "Contact App", "Contact App\Contact App.csproj", "{67555D5C-1DDB-4FA9-A796-8E062D07C873}"
EndProject
Global
	GlobalSection(SolutionConfigurationPlatforms) = preSolution
		Debug|Any CPU = Debug|Any CPU
		Release|Any CPU = Release|Any CPU
	EndGlobalSection
	GlobalSection(ProjectConfigurationPlatforms) = postSolution
		{67555D5C-1DDB-4FA9-A796-8E062D07C873}.Debug|Any CPU.ActiveCfg = Debug|Any CPU
		{67555D5C-1DDB-4FA9-A796-8E062D07C873}.Debug|Any CPU.Build.0 = Debug|Any CPU
		{67555D5C-1DDB-4FA9-A796-8E062D07C873}.Release|Any CPU.ActiveCfg = Release|Any CPU
		{67555D5C-1DDB-4FA9-A796-8E062D07C873}.Release|Any CPU.Build.0 = Release|Any CPU
	EndGlobalSection
	GlobalSection(SolutionProperties) = preSolution
		HideSolutionNode = FALSE
	EndGlobalSection
	GlobalSection(ExtensibilityGlobals) = postSolution
		SolutionGuid = {BDA70591-C09A-45FA-88A8-5EEF122814A5}
	EndGlobalSection
EndGlobal
